
Microsoft Visual Studio Solution File, Format Version 12.00
# Visual Studio 2013
VisualStudioVersion = 12.0.30723.0
MinimumVisualStudioVersion = 10.0.40219.1
Project("{FAE04EC0-301F-11D3-BF4B-00C04F79EFBC}") = "AccountCreateApi", "AccountCreateApi\AccountCreateApi.csproj", "{1F1FC968-892C-4D20-B087-4D79CBF58E02}"
EndProject
Project("{FAE04EC0-301F-11D3-BF4B-00C04F79EFBC}") = "AccountCreateEndpoints", "AccountCreateEndpoints\AccountCreateEndpoints.csproj", "{5C9EA969-8BE3-407B-8932-C748AEC5E12F}"
EndProject
Project("{FAE04EC0-301F-11D3-BF4B-00C04F79EFBC}") = "Messages", "Messages\Messages.csproj", "{A9BC7FC9-DABC-47A3-9192-55975F687CFB}"
EndProject
Project("{FAE04EC0-301F-11D3-BF4B-00C04F79EFBC}") = "AccountCreateSubscriber", "AccountCreateSubscriber\AccountCreateSubscriber.csproj", "{E6D40640-AF92-4AF0-8C62-DEC0507EA0FB}"
EndProject
Project("{FAE04EC0-301F-11D3-BF4B-00C04F79EFBC}") = "LoyaltyAccountSaga", "LoyaltyAccountSaga\LoyaltyAccountSaga.csproj", "{AE24BC94-D937-4158-9E9E-7946DDFEA8F2}"
EndProject
Global
	GlobalSection(SolutionConfigurationPlatforms) = preSolution
		Debug|Any CPU = Debug|Any CPU
		Release|Any CPU = Release|Any CPU
	EndGlobalSection
	GlobalSection(ProjectConfigurationPlatforms) = postSolution
		{1F1FC968-892C-4D20-B087-4D79CBF58E02}.Debug|Any CPU.ActiveCfg = Debug|Any CPU
		{1F1FC968-892C-4D20-B087-4D79CBF58E02}.Debug|Any CPU.Build.0 = Debug|Any CPU
		{1F1FC968-892C-4D20-B087-4D79CBF58E02}.Release|Any CPU.ActiveCfg = Release|Any CPU
		{1F1FC968-892C-4D20-B087-4D79CBF58E02}.Release|Any CPU.Build.0 = Release|Any CPU
		{5C9EA969-8BE3-407B-8932-C748AEC5E12F}.Debug|Any CPU.ActiveCfg = Debug|Any CPU
		{5C9EA969-8BE3-407B-8932-C748AEC5E12F}.Debug|Any CPU.Build.0 = Debug|Any CPU
		{5C9EA969-8BE3-407B-8932-C748AEC5E12F}.Release|Any CPU.ActiveCfg = Release|Any CPU
		{5C9EA969-8BE3-407B-8932-C748AEC5E12F}.Release|Any CPU.Build.0 = Release|Any CPU
		{A9BC7FC9-DABC-47A3-9192-55975F687CFB}.Debug|Any CPU.ActiveCfg = Debug|Any CPU
		{A9BC7FC9-DABC-47A3-9192-55975F687CFB}.Debug|Any CPU.Build.0 = Debug|Any CPU
		{A9BC7FC9-DABC-47A3-9192-55975F687CFB}.Release|Any CPU.ActiveCfg = Release|Any CPU
		{A9BC7FC9-DABC-47A3-9192-55975F687CFB}.Release|Any CPU.Build.0 = Release|Any CPU
		{E6D40640-AF92-4AF0-8C62-DEC0507EA0FB}.Debug|Any CPU.ActiveCfg = Debug|Any CPU
		{E6D40640-AF92-4AF0-8C62-DEC0507EA0FB}.Debug|Any CPU.Build.0 = Debug|Any CPU
		{E6D40640-AF92-4AF0-8C62-DEC0507EA0FB}.Release|Any CPU.ActiveCfg = Release|Any CPU
		{E6D40640-AF92-4AF0-8C62-DEC0507EA0FB}.Release|Any CPU.Build.0 = Release|Any CPU
		{AE24BC94-D937-4158-9E9E-7946DDFEA8F2}.Debug|Any CPU.ActiveCfg = Debug|Any CPU
		{AE24BC94-D937-4158-9E9E-7946DDFEA8F2}.Debug|Any CPU.Build.0 = Debug|Any CPU
		{AE24BC94-D937-4158-9E9E-7946DDFEA8F2}.Release|Any CPU.ActiveCfg = Release|Any CPU
		{AE24BC94-D937-4158-9E9E-7946DDFEA8F2}.Release|Any CPU.Build.0 = Release|Any CPU
	EndGlobalSection
	GlobalSection(SolutionProperties) = preSolution
		HideSolutionNode = FALSE
	EndGlobalSection
EndGlobal
